
Microsoft Visual Studio Solution File, Format Version 12.00
# Visual Studio Version 17
VisualStudioVersion = 17.5.002.0
MinimumVisualStudioVersion = 10.0.40219.1
Project("{9A19103F-16F7-4668-BE54-9A1E7A4F7556}") = "Todo", "Todo\Todo.csproj", "{DBE3A0AC-CEA8-4F42-9309-823BDF6075C7}"
EndProject
Global
	GlobalSection(SolutionConfigurationPlatforms) = preSolution
		Debug|Any CPU = Debug|Any CPU
		Release|Any CPU = Release|Any CPU
	EndGlobalSection
	GlobalSection(ProjectConfigurationPlatforms) = postSolution
		{DBE3A0AC-CEA8-4F42-9309-823BDF6075C7}.Debug|Any CPU.ActiveCfg = Debug|Any CPU
		{DBE3A0AC-CEA8-4F42-9309-823BDF6075C7}.Debug|Any CPU.Build.0 = Debug|Any CPU
		{DBE3A0AC-CEA8-4F42-9309-823BDF6075C7}.Release|Any CPU.ActiveCfg = Release|Any CPU
		{DBE3A0AC-CEA8-4F42-9309-823BDF6075C7}.Release|Any CPU.Build.0 = Release|Any CPU
	EndGlobalSection
	GlobalSection(SolutionProperties) = preSolution
		HideSolutionNode = FALSE
	EndGlobalSection
	GlobalSection(ExtensibilityGlobals) = postSolution
		SolutionGuid = {7937300B-3817-4D31-BDD5-3DC31C3BC868}
	EndGlobalSection
EndGlobal
